
Microsoft Visual Studio Solution File, Format Version 12.00
# Visual Studio Version 17
VisualStudioVersion = 17.8.34330.188
MinimumVisualStudioVersion = 10.0.40219.1
Project("{FAE04EC0-301F-11D3-BF4B-00C04F79EFBC}") = "TokenBucketAlgorithm", "TokenBucketAlgorithm\TokenBucketAlgorithm.csproj", "{283F7133-7D8D-432F-B455-965E47651202}"
EndProject
Project("{FAE04EC0-301F-11D3-BF4B-00C04F79EFBC}") = "LeakyBucketAlgorithm", "LeakyBucketAlgorithm\LeakyBucketAlgorithm.csproj", "{D26E570D-12BA-47EC-84AB-B3C0748992AE}"
EndProject
Project("{FAE04EC0-301F-11D3-BF4B-00C04F79EFBC}") = "SlidingWindow", "SlidingWindow\SlidingWindow.csproj", "{A0C42E3E-2E30-47E2-B751-4D1EDA71D38D}"
EndProject
Global
	GlobalSection(SolutionConfigurationPlatforms) = preSolution
		Debug|Any CPU = Debug|Any CPU
		Release|Any CPU = Release|Any CPU
	EndGlobalSection
	GlobalSection(ProjectConfigurationPlatforms) = postSolution
		{283F7133-7D8D-432F-B455-965E47651202}.Debug|Any CPU.ActiveCfg = Debug|Any CPU
		{283F7133-7D8D-432F-B455-965E47651202}.Debug|Any CPU.Build.0 = Debug|Any CPU
		{283F7133-7D8D-432F-B455-965E47651202}.Release|Any CPU.ActiveCfg = Release|Any CPU
		{283F7133-7D8D-432F-B455-965E47651202}.Release|Any CPU.Build.0 = Release|Any CPU
		{D26E570D-12BA-47EC-84AB-B3C0748992AE}.Debug|Any CPU.ActiveCfg = Debug|Any CPU
		{D26E570D-12BA-47EC-84AB-B3C0748992AE}.Debug|Any CPU.Build.0 = Debug|Any CPU
		{D26E570D-12BA-47EC-84AB-B3C0748992AE}.Release|Any CPU.ActiveCfg = Release|Any CPU
		{D26E570D-12BA-47EC-84AB-B3C0748992AE}.Release|Any CPU.Build.0 = Release|Any CPU
		{A0C42E3E-2E30-47E2-B751-4D1EDA71D38D}.Debug|Any CPU.ActiveCfg = Debug|Any CPU
		{A0C42E3E-2E30-47E2-B751-4D1EDA71D38D}.Debug|Any CPU.Build.0 = Debug|Any CPU
		{A0C42E3E-2E30-47E2-B751-4D1EDA71D38D}.Release|Any CPU.ActiveCfg = Release|Any CPU
		{A0C42E3E-2E30-47E2-B751-4D1EDA71D38D}.Release|Any CPU.Build.0 = Release|Any CPU
	EndGlobalSection
	GlobalSection(SolutionProperties) = preSolution
		HideSolutionNode = FALSE
	EndGlobalSection
	GlobalSection(ExtensibilityGlobals) = postSolution
		SolutionGuid = {CBC35DF4-2635-4AC9-ADDF-E0C923C03E28}
	EndGlobalSection
EndGlobal
